// !$*UTF8*$!
{
	archiveVersion = 1;
	classes = {
	};
	objectVersion = 77;
	objects = {

/* Begin PBXBuildFile section */
		1220B137724741C9867CB826 /* ChannelSearchView.swift in Sources */ = {isa = PBXBuildFile; fileRef = FC8E2450BD9CD97B605B272D /* ChannelSearchView.swift */; };
		14BC785746067A4818F975D9 /* RequestQueueView.swift in Sources */ = {isa = PBXBuildFile; fileRef = CEAF337A28072BFA4058D401 /* RequestQueueView.swift */; };
		1952C189C8462984BA996258 /* Assets.xcassets in Resources */ = {isa = PBXBuildFile; fileRef = 0278579E55DC70FC8333D42F /* Assets.xcassets */; };
		2D7AD65157B8FB422F15FCEF /* RecommendationModels.swift in Sources */ = {isa = PBXBuildFile; fileRef = 42B92356DC0DB24A410FC35F /* RecommendationModels.swift */; };
		2EE1134AE164266178109602 /* RecommendationTuningView.swift in Sources */ = {isa = PBXBuildFile; fileRef = BE00EFF23012454E59612BAD /* RecommendationTuningView.swift */; };
		2F07AC46CE414D7F8BA54A9F /* RulesView.swift in Sources */ = {isa = PBXBuildFile; fileRef = A939CC28E13F6BBA929C4C08 /* RulesView.swift */; };
		377E96EEC17FA29AAB0ED8EF /* RootView.swift in Sources */ = {isa = PBXBuildFile; fileRef = 8D1B606E767366D7D2994319 /* RootView.swift */; };
		3F4679FF82914E69C6399374 /* CooperTheCopTests.swift in Sources */ = {isa = PBXBuildFile; fileRef = 013F4DC517A846EB3C0C6505 /* CooperTheCopTests.swift */; };
		53D1D490390347B4DABB6636 /* TOTPVerificationView.swift in Sources */ = {isa = PBXBuildFile; fileRef = 0F9522A513AFB6C7D5CFB441 /* TOTPVerificationView.swift */; };
		56F0F75BDF68AB827E800F34 /* APIKeyView.swift in Sources */ = {isa = PBXBuildFile; fileRef = CB2F2BD4F9CE35EFA8F0FED1 /* APIKeyView.swift */; };
		6D7CB0C34ACE3BFE4DF131B7 /* ChildDevicesView.swift in Sources */ = {isa = PBXBuildFile; fileRef = 01CFA18E6CB0B681B7DCC526 /* ChildDevicesView.swift */; };
		80990A40CA1BB893FD3D69E7 /* CooperTheCopApp.swift in Sources */ = {isa = PBXBuildFile; fileRef = 9904FF9EA25490D92F4748AC /* CooperTheCopApp.swift */; };
		88F9EA4D70A5773F49E06716 /* AuthenticationView.swift in Sources */ = {isa = PBXBuildFile; fileRef = B05230BD17F01ECEF0942BE8 /* AuthenticationView.swift */; };
		99DA1582C61291F831F623E8 /* InviteParentView.swift in Sources */ = {isa = PBXBuildFile; fileRef = 4AF554B0761682DCEF6B9E2F /* InviteParentView.swift */; };
		9C51B535BA84E6B5889FAE01 /* CooperTheCopUITests.swift in Sources */ = {isa = PBXBuildFile; fileRef = 6260C3E8BF71AA49810EE575 /* CooperTheCopUITests.swift */; };
		A1835FA76BA829A2E2C22A50 /* ChildrenView.swift in Sources */ = {isa = PBXBuildFile; fileRef = DC129F7D8EDB00629539AD99 /* ChildrenView.swift */; };
		A41D82758974A8DCC5116595 /* PrivacyInfo.xcprivacy in Resources */ = {isa = PBXBuildFile; fileRef = 87343F2B25BB117D6AC95ABC /* PrivacyInfo.xcprivacy */; };
		AE8E292695210EA347BEE41B /* CoopTheme.swift in Sources */ = {isa = PBXBuildFile; fileRef = 90017104578429EF692D6F7E /* CoopTheme.swift */; };
		B61AE6E72D59A00A03B133F4 /* FamilyView.swift in Sources */ = {isa = PBXBuildFile; fileRef = 8504EC06DE6280F85032A2D6 /* FamilyView.swift */; };
		C7ACE781E3581E40D70A3F84 /* ParentDashboard.swift in Sources */ = {isa = PBXBuildFile; fileRef = 4ED2CC0E3A16B3D5A083C0CF /* ParentDashboard.swift */; };
		C8E5CEBE6FAB5818049F96E1 /* ConnectView.swift in Sources */ = {isa = PBXBuildFile; fileRef = 09443C460292AC0B137AAE9F /* ConnectView.swift */; };
		C95E0606DB2154C2965D95A7 /* AppModel.swift in Sources */ = {isa = PBXBuildFile; fileRef = 08EEC45B1391EF07F6893444 /* AppModel.swift */; };
		CE4AD722BCEB888EA31691E4 /* SuppressionsView.swift in Sources */ = {isa = PBXBuildFile; fileRef = F9D86FF0D6AD4B7AA35B7BB3 /* SuppressionsView.swift */; };
		D671422F0390536A04E279D0 /* CoopKit in Frameworks */ = {isa = PBXBuildFile; productRef = 95F7E2D164CF9D386EB89BA0 /* CoopKit */; };
		DAB2A4763780BECE05B8D901 /* AcceptInvitationView.swift in Sources */ = {isa = PBXBuildFile; fileRef = 46B588FF25D747955382416B /* AcceptInvitationView.swift */; };
		DBD4B6C1A4BF3B6E6F20B432 /* ParentScopeView.swift in Sources */ = {isa = PBXBuildFile; fileRef = 1A171C50E0E32474630B0101 /* ParentScopeView.swift */; };
		DC59C32474E6CA1C7DB64B10 /* AddKeywordView.swift in Sources */ = {isa = PBXBuildFile; fileRef = BBFC7D5338D31D3BC114F4EF /* AddKeywordView.swift */; };
		FC3963E291052C6AC56FC448 /* ChildSettingsView.swift in Sources */ = {isa = PBXBuildFile; fileRef = A511FB667116D3D81E9547D3 /* ChildSettingsView.swift */; };
/* End PBXBuildFile section */

/* Begin PBXContainerItemProxy section */
		2342A2A2AE097D81262890B9 /* PBXContainerItemProxy */ = {
			isa = PBXContainerItemProxy;
			containerPortal = 5957514AD2C042325CF66864 /* Project object */;
			proxyType = 1;
			remoteGlobalIDString = 1C78E4ED5D648D726497AA54;
			remoteInfo = CooperTheCop;
		};
		9BDB11A7BC3501DF3F6EE274 /* PBXContainerItemProxy */ = {
			isa = PBXContainerItemProxy;
			containerPortal = 5957514AD2C042325CF66864 /* Project object */;
			proxyType = 1;
			remoteGlobalIDString = 1C78E4ED5D648D726497AA54;
			remoteInfo = CooperTheCop;
		};
/* End PBXContainerItemProxy section */

/* Begin PBXFileReference section */
		013F4DC517A846EB3C0C6505 /* CooperTheCopTests.swift */ = {isa = PBXFileReference; lastKnownFileType = sourcecode.swift; path = CooperTheCopTests.swift; sourceTree = "<group>"; };
		01CFA18E6CB0B681B7DCC526 /* ChildDevicesView.swift */ = {isa = PBXFileReference; lastKnownFileType = sourcecode.swift; path = ChildDevicesView.swift; sourceTree = "<group>"; };
		0278579E55DC70FC8333D42F /* Assets.xcassets */ = {isa = PBXFileReference; lastKnownFileType = folder.assetcatalog; path = Assets.xcassets; sourceTree = "<group>"; };
		08EEC45B1391EF07F6893444 /* AppModel.swift */ = {isa = PBXFileReference; lastKnownFileType = sourcecode.swift; path = AppModel.swift; sourceTree = "<group>"; };
		09443C460292AC0B137AAE9F /* ConnectView.swift */ = {isa = PBXFileReference; lastKnownFileType = sourcecode.swift; path = ConnectView.swift; sourceTree = "<group>"; };
		0F9522A513AFB6C7D5CFB441 /* TOTPVerificationView.swift */ = {isa = PBXFileReference; lastKnownFileType = sourcecode.swift; path = TOTPVerificationView.swift; sourceTree = "<group>"; };
		1A171C50E0E32474630B0101 /* ParentScopeView.swift */ = {isa = PBXFileReference; lastKnownFileType = sourcecode.swift; path = ParentScopeView.swift; sourceTree = "<group>"; };
		42B92356DC0DB24A410FC35F /* RecommendationModels.swift */ = {isa = PBXFileReference; lastKnownFileType = sourcecode.swift; path = RecommendationModels.swift; sourceTree = "<group>"; };
		46B588FF25D747955382416B /* AcceptInvitationView.swift */ = {isa = PBXFileReference; lastKnownFileType = sourcecode.swift; path = AcceptInvitationView.swift; sourceTree = "<group>"; };
		4AF554B0761682DCEF6B9E2F /* InviteParentView.swift */ = {isa = PBXFileReference; lastKnownFileType = sourcecode.swift; path = InviteParentView.swift; sourceTree = "<group>"; };
		4ED2CC0E3A16B3D5A083C0CF /* ParentDashboard.swift */ = {isa = PBXFileReference; lastKnownFileType = sourcecode.swift; path = ParentDashboard.swift; sourceTree = "<group>"; };
		6260C3E8BF71AA49810EE575 /* CooperTheCopUITests.swift */ = {isa = PBXFileReference; lastKnownFileType = sourcecode.swift; path = CooperTheCopUITests.swift; sourceTree = "<group>"; };
		8504EC06DE6280F85032A2D6 /* FamilyView.swift */ = {isa = PBXFileReference; lastKnownFileType = sourcecode.swift; path = FamilyView.swift; sourceTree = "<group>"; };
		87343F2B25BB117D6AC95ABC /* PrivacyInfo.xcprivacy */ = {isa = PBXFileReference; path = PrivacyInfo.xcprivacy; sourceTree = "<group>"; };
		8D1B606E767366D7D2994319 /* RootView.swift */ = {isa = PBXFileReference; lastKnownFileType = sourcecode.swift; path = RootView.swift; sourceTree = "<group>"; };
		90017104578429EF692D6F7E /* CoopTheme.swift */ = {isa = PBXFileReference; lastKnownFileType = sourcecode.swift; path = CoopTheme.swift; sourceTree = "<group>"; };
		9904FF9EA25490D92F4748AC /* CooperTheCopApp.swift */ = {isa = PBXFileReference; lastKnownFileType = sourcecode.swift; path = CooperTheCopApp.swift; sourceTree = "<group>"; };
		A511FB667116D3D81E9547D3 /* ChildSettingsView.swift */ = {isa = PBXFileReference; lastKnownFileType = sourcecode.swift; path = ChildSettingsView.swift; sourceTree = "<group>"; };
		A939CC28E13F6BBA929C4C08 /* RulesView.swift */ = {isa = PBXFileReference; lastKnownFileType = sourcecode.swift; path = RulesView.swift; sourceTree = "<group>"; };
		B05230BD17F01ECEF0942BE8 /* AuthenticationView.swift */ = {isa = PBXFileReference; lastKnownFileType = sourcecode.swift; path = AuthenticationView.swift; sourceTree = "<group>"; };
		BBFC7D5338D31D3BC114F4EF /* AddKeywordView.swift */ = {isa = PBXFileReference; lastKnownFileType = sourcecode.swift; path = AddKeywordView.swift; sourceTree = "<group>"; };
		BE00EFF23012454E59612BAD /* RecommendationTuningView.swift */ = {isa = PBXFileReference; lastKnownFileType = sourcecode.swift; path = RecommendationTuningView.swift; sourceTree = "<group>"; };
		CB2F2BD4F9CE35EFA8F0FED1 /* APIKeyView.swift */ = {isa = PBXFileReference; lastKnownFileType = sourcecode.swift; path = APIKeyView.swift; sourceTree = "<group>"; };
		CEAF337A28072BFA4058D401 /* RequestQueueView.swift */ = {isa = PBXFileReference; lastKnownFileType = sourcecode.swift; path = RequestQueueView.swift; sourceTree = "<group>"; };
		DADDB6272E3B22D78B81F996 /* CooperTheCopTests.xctest */ = {isa = PBXFileReference; includeInIndex = 0; lastKnownFileType = wrapper.cfbundle; path = CooperTheCopTests.xctest; sourceTree = BUILT_PRODUCTS_DIR; };
		DC129F7D8EDB00629539AD99 /* ChildrenView.swift */ = {isa = PBXFileReference; lastKnownFileType = sourcecode.swift; path = ChildrenView.swift; sourceTree = "<group>"; };
		E2E70BC83D6B24350B203035 /* CooperTheCopUITests.xctest */ = {isa = PBXFileReference; includeInIndex = 0; lastKnownFileType = wrapper.cfbundle; path = CooperTheCopUITests.xctest; sourceTree = BUILT_PRODUCTS_DIR; };
		F7B41CEE512EC6B27DC83900 /* CoopKit */ = {isa = PBXFileReference; lastKnownFileType = folder; name = CoopKit; path = ../CoopKit; sourceTree = SOURCE_ROOT; };
		F9D86FF0D6AD4B7AA35B7BB3 /* SuppressionsView.swift */ = {isa = PBXFileReference; lastKnownFileType = sourcecode.swift; path = SuppressionsView.swift; sourceTree = "<group>"; };
		FB25E912F258E653A65C838F /* CooperTheCop.app */ = {isa = PBXFileReference; includeInIndex = 0; lastKnownFileType = wrapper.application; path = CooperTheCop.app; sourceTree = BUILT_PRODUCTS_DIR; };
		FC8E2450BD9CD97B605B272D /* ChannelSearchView.swift */ = {isa = PBXFileReference; lastKnownFileType = sourcecode.swift; path = ChannelSearchView.swift; sourceTree = "<group>"; };
/* End PBXFileReference section */

/* Begin PBXFrameworksBuildPhase section */
		1A9590987E1E7157465F07BF /* Frameworks */ = {
			isa = PBXFrameworksBuildPhase;
			buildActionMask = 2147483647;
			files = (
				D671422F0390536A04E279D0 /* CoopKit in Frameworks */,
			);
			runOnlyForDeploymentPostprocessing = 0;
		};
/* End PBXFrameworksBuildPhase section */

/* Begin PBXGroup section */
		0598343279F17F5968FE6386 /* Suppressions */ = {
			isa = PBXGroup;
			children = (
				F9D86FF0D6AD4B7AA35B7BB3 /* SuppressionsView.swift */,
			);
			path = Suppressions;
			sourceTree = "<group>";
		};
		2D90C84C8ACF0BF1BBD51963 /* Authentication */ = {
			isa = PBXGroup;
			children = (
				46B588FF25D747955382416B /* AcceptInvitationView.swift */,
				B05230BD17F01ECEF0942BE8 /* AuthenticationView.swift */,
				09443C460292AC0B137AAE9F /* ConnectView.swift */,
				0F9522A513AFB6C7D5CFB441 /* TOTPVerificationView.swift */,
			);
			path = Authentication;
			sourceTree = "<group>";
		};
		332A3723D9D3321D6772A971 /* Family */ = {
			isa = PBXGroup;
			children = (
				CB2F2BD4F9CE35EFA8F0FED1 /* APIKeyView.swift */,
				8504EC06DE6280F85032A2D6 /* FamilyView.swift */,
				4AF554B0761682DCEF6B9E2F /* InviteParentView.swift */,
				1A171C50E0E32474630B0101 /* ParentScopeView.swift */,
			);
			path = Family;
			sourceTree = "<group>";
		};
		3EE33BE69FB7D96B0064FF13 /* CooperTheCopUITests */ = {
			isa = PBXGroup;
			children = (
				6260C3E8BF71AA49810EE575 /* CooperTheCopUITests.swift */,
			);
			name = CooperTheCopUITests;
			path = ../CooperTheCopUITests;
			sourceTree = "<group>";
		};
		43266378E2D2506906D49262 /* Features */ = {
			isa = PBXGroup;
			children = (
				2D90C84C8ACF0BF1BBD51963 /* Authentication */,
				62DCA39940CBBE1B2D5223A2 /* Children */,
				332A3723D9D3321D6772A971 /* Family */,
				9A86BCD28DA239B1AD368646 /* Requests */,
				4DACE4818F83B3E521760038 /* Rules */,
				0598343279F17F5968FE6386 /* Suppressions */,
			);
			path = Features;
			sourceTree = "<group>";
		};
		4DACE4818F83B3E521760038 /* Rules */ = {
			isa = PBXGroup;
			children = (
				BBFC7D5338D31D3BC114F4EF /* AddKeywordView.swift */,
				FC8E2450BD9CD97B605B272D /* ChannelSearchView.swift */,
				A939CC28E13F6BBA929C4C08 /* RulesView.swift */,
			);
			path = Rules;
			sourceTree = "<group>";
		};
		62DCA39940CBBE1B2D5223A2 /* Children */ = {
			isa = PBXGroup;
			children = (
				01CFA18E6CB0B681B7DCC526 /* ChildDevicesView.swift */,
				DC129F7D8EDB00629539AD99 /* ChildrenView.swift */,
				A511FB667116D3D81E9547D3 /* ChildSettingsView.swift */,
				42B92356DC0DB24A410FC35F /* RecommendationModels.swift */,
				BE00EFF23012454E59612BAD /* RecommendationTuningView.swift */,
			);
			path = Children;
			sourceTree = "<group>";
		};
		8D126FD213886F2DD7AD01AE /* Packages */ = {
			isa = PBXGroup;
			children = (
				F7B41CEE512EC6B27DC83900 /* CoopKit */,
			);
			name = Packages;
			sourceTree = "<group>";
		};
		9A86BCD28DA239B1AD368646 /* Requests */ = {
			isa = PBXGroup;
			children = (
				4ED2CC0E3A16B3D5A083C0CF /* ParentDashboard.swift */,
				CEAF337A28072BFA4058D401 /* RequestQueueView.swift */,
			);
			path = Requests;
			sourceTree = "<group>";
		};
		9BE536F10D40839359660152 /* CooperTheCopTests */ = {
			isa = PBXGroup;
			children = (
				013F4DC517A846EB3C0C6505 /* CooperTheCopTests.swift */,
			);
			name = CooperTheCopTests;
			path = ../CooperTheCopTests;
			sourceTree = "<group>";
		};
		B409A09E450FF30E86D4DA4E /* Products */ = {
			isa = PBXGroup;
			children = (
				FB25E912F258E653A65C838F /* CooperTheCop.app */,
				DADDB6272E3B22D78B81F996 /* CooperTheCopTests.xctest */,
				E2E70BC83D6B24350B203035 /* CooperTheCopUITests.xctest */,
			);
			name = Products;
			sourceTree = "<group>";
		};
		B697CC7E414FCD234DA931B2 /* App */ = {
			isa = PBXGroup;
			children = (
				08EEC45B1391EF07F6893444 /* AppModel.swift */,
				9904FF9EA25490D92F4748AC /* CooperTheCopApp.swift */,
				87343F2B25BB117D6AC95ABC /* PrivacyInfo.xcprivacy */,
				8D1B606E767366D7D2994319 /* RootView.swift */,
			);
			path = App;
			sourceTree = "<group>";
		};
		BD19C2DAF4CB0D80C16BD3B5 /* DesignSystem */ = {
			isa = PBXGroup;
			children = (
				90017104578429EF692D6F7E /* CoopTheme.swift */,
			);
			path = DesignSystem;
			sourceTree = "<group>";
		};
		D545FC3C4E06A03CA0C21761 = {
			isa = PBXGroup;
			children = (
				B697CC7E414FCD234DA931B2 /* App */,
				9BE536F10D40839359660152 /* CooperTheCopTests */,
				3EE33BE69FB7D96B0064FF13 /* CooperTheCopUITests */,
				BD19C2DAF4CB0D80C16BD3B5 /* DesignSystem */,
				43266378E2D2506906D49262 /* Features */,
				8D126FD213886F2DD7AD01AE /* Packages */,
				D97013D91E8F3EC8A2B92A00 /* Resources */,
				B409A09E450FF30E86D4DA4E /* Products */,
			);
			sourceTree = "<group>";
		};
		D97013D91E8F3EC8A2B92A00 /* Resources */ = {
			isa = PBXGroup;
			children = (
				0278579E55DC70FC8333D42F /* Assets.xcassets */,
			);
			path = Resources;
			sourceTree = "<group>";
		};
/* End PBXGroup section */

/* Begin PBXNativeTarget section */
		1C78E4ED5D648D726497AA54 /* CooperTheCop */ = {
			isa = PBXNativeTarget;
			buildConfigurationList = 4248E827E337214F6C41EE2A /* Build configuration list for PBXNativeTarget "CooperTheCop" */;
			buildPhases = (
				0EB556841A7948B2E213CA04 /* Sources */,
				EF5BB70A4EC0C628AA560267 /* Resources */,
				1A9590987E1E7157465F07BF /* Frameworks */,
			);
			buildRules = (
			);
			dependencies = (
			);
			name = CooperTheCop;
			packageProductDependencies = (
				95F7E2D164CF9D386EB89BA0 /* CoopKit */,
			);
			productName = CooperTheCop;
			productReference = FB25E912F258E653A65C838F /* CooperTheCop.app */;
			productType = "com.apple.product-type.application";
		};
		64DD9F9EE382730CE50F85D8 /* CooperTheCopTests */ = {
			isa = PBXNativeTarget;
			buildConfigurationList = EA43076E7AFCA0FBE3F9BDDA /* Build configuration list for PBXNativeTarget "CooperTheCopTests" */;
			buildPhases = (
				B3AA346D75C5DCC34990E26F /* Sources */,
			);
			buildRules = (
			);
			dependencies = (
				F0153126CCB85A78ECAA5808 /* PBXTargetDependency */,
			);
			name = CooperTheCopTests;
			packageProductDependencies = (
			);
			productName = CooperTheCopTests;
			productReference = DADDB6272E3B22D78B81F996 /* CooperTheCopTests.xctest */;
			productType = "com.apple.product-type.bundle.unit-test";
		};
		D2B84290CFB1FF6C5A3742F2 /* CooperTheCopUITests */ = {
			isa = PBXNativeTarget;
			buildConfigurationList = 7AB94F984884CA1829B42D22 /* Build configuration list for PBXNativeTarget "CooperTheCopUITests" */;
			buildPhases = (
				4075383B78360F2D3046200C /* Sources */,
			);
			buildRules = (
			);
			dependencies = (
				51666CF4B03CF94EA83E4A2B /* PBXTargetDependency */,
			);
			name = CooperTheCopUITests;
			packageProductDependencies = (
			);
			productName = CooperTheCopUITests;
			productReference = E2E70BC83D6B24350B203035 /* CooperTheCopUITests.xctest */;
			productType = "com.apple.product-type.bundle.ui-testing";
		};
/* End PBXNativeTarget section */

/* Begin PBXProject section */
		5957514AD2C042325CF66864 /* Project object */ = {
			isa = PBXProject;
			attributes = {
				BuildIndependentTargetsInParallel = YES;
				LastUpgradeCheck = 1430;
				TargetAttributes = {
					D2B84290CFB1FF6C5A3742F2 = {
						TestTargetID = 1C78E4ED5D648D726497AA54;
					};
				};
			};
			buildConfigurationList = 190322A993EEB829FA20FE2A /* Build configuration list for PBXProject "CooperTheCop" */;
			developmentRegion = en;
			hasScannedForEncodings = 0;
			knownRegions = (
				Base,
				en,
			);
			mainGroup = D545FC3C4E06A03CA0C21761;
			minimizedProjectReferenceProxies = 1;
			packageReferences = (
				B5CE025C481B6747953B1FCD /* XCLocalSwiftPackageReference "../CoopKit" */,
			);
			preferredProjectObjectVersion = 77;
			productRefGroup = B409A09E450FF30E86D4DA4E /* Products */;
			projectDirPath = "";
			projectRoot = "";
			targets = (
				1C78E4ED5D648D726497AA54 /* CooperTheCop */,
				64DD9F9EE382730CE50F85D8 /* CooperTheCopTests */,
				D2B84290CFB1FF6C5A3742F2 /* CooperTheCopUITests */,
			);
		};
/* End PBXProject section */

/* Begin PBXResourcesBuildPhase section */
		EF5BB70A4EC0C628AA560267 /* Resources */ = {
			isa = PBXResourcesBuildPhase;
			buildActionMask = 2147483647;
			files = (
				1952C189C8462984BA996258 /* Assets.xcassets in Resources */,
				A41D82758974A8DCC5116595 /* PrivacyInfo.xcprivacy in Resources */,
			);
			runOnlyForDeploymentPostprocessing = 0;
		};
/* End PBXResourcesBuildPhase section */

/* Begin PBXSourcesBuildPhase section */
		0EB556841A7948B2E213CA04 /* Sources */ = {
			isa = PBXSourcesBuildPhase;
			buildActionMask = 2147483647;
			files = (
				56F0F75BDF68AB827E800F34 /* APIKeyView.swift in Sources */,
				DAB2A4763780BECE05B8D901 /* AcceptInvitationView.swift in Sources */,
				DC59C32474E6CA1C7DB64B10 /* AddKeywordView.swift in Sources */,
				C95E0606DB2154C2965D95A7 /* AppModel.swift in Sources */,
				88F9EA4D70A5773F49E06716 /* AuthenticationView.swift in Sources */,
				1220B137724741C9867CB826 /* ChannelSearchView.swift in Sources */,
				6D7CB0C34ACE3BFE4DF131B7 /* ChildDevicesView.swift in Sources */,
				FC3963E291052C6AC56FC448 /* ChildSettingsView.swift in Sources */,
				A1835FA76BA829A2E2C22A50 /* ChildrenView.swift in Sources */,
				C8E5CEBE6FAB5818049F96E1 /* ConnectView.swift in Sources */,
				AE8E292695210EA347BEE41B /* CoopTheme.swift in Sources */,
				80990A40CA1BB893FD3D69E7 /* CooperTheCopApp.swift in Sources */,
				B61AE6E72D59A00A03B133F4 /* FamilyView.swift in Sources */,
				99DA1582C61291F831F623E8 /* InviteParentView.swift in Sources */,
				C7ACE781E3581E40D70A3F84 /* ParentDashboard.swift in Sources */,
				DBD4B6C1A4BF3B6E6F20B432 /* ParentScopeView.swift in Sources */,
				2D7AD65157B8FB422F15FCEF /* RecommendationModels.swift in Sources */,
				2EE1134AE164266178109602 /* RecommendationTuningView.swift in Sources */,
				14BC785746067A4818F975D9 /* RequestQueueView.swift in Sources */,
				377E96EEC17FA29AAB0ED8EF /* RootView.swift in Sources */,
				2F07AC46CE414D7F8BA54A9F /* RulesView.swift in Sources */,
				CE4AD722BCEB888EA31691E4 /* SuppressionsView.swift in Sources */,
				53D1D490390347B4DABB6636 /* TOTPVerificationView.swift in Sources */,
			);
			runOnlyForDeploymentPostprocessing = 0;
		};
		4075383B78360F2D3046200C /* Sources */ = {
			isa = PBXSourcesBuildPhase;
			buildActionMask = 2147483647;
			files = (
				9C51B535BA84E6B5889FAE01 /* CooperTheCopUITests.swift in Sources */,
			);
			runOnlyForDeploymentPostprocessing = 0;
		};
		B3AA346D75C5DCC34990E26F /* Sources */ = {
			isa = PBXSourcesBuildPhase;
			buildActionMask = 2147483647;
			files = (
				3F4679FF82914E69C6399374 /* CooperTheCopTests.swift in Sources */,
			);
			runOnlyForDeploymentPostprocessing = 0;
		};
/* End PBXSourcesBuildPhase section */

/* Begin PBXTargetDependency section */
		51666CF4B03CF94EA83E4A2B /* PBXTargetDependency */ = {
			isa = PBXTargetDependency;
			target = 1C78E4ED5D648D726497AA54 /* CooperTheCop */;
			targetProxy = 2342A2A2AE097D81262890B9 /* PBXContainerItemProxy */;
		};
		F0153126CCB85A78ECAA5808 /* PBXTargetDependency */ = {
			isa = PBXTargetDependency;
			target = 1C78E4ED5D648D726497AA54 /* CooperTheCop */;
			targetProxy = 9BDB11A7BC3501DF3F6EE274 /* PBXContainerItemProxy */;
		};
/* End PBXTargetDependency section */

/* Begin XCBuildConfiguration section */
		0E3187EFCD5D332B31FC8CE4 /* Debug */ = {
			isa = XCBuildConfiguration;
			buildSettings = {
				ALWAYS_SEARCH_USER_PATHS = NO;
				CLANG_ANALYZER_NONNULL = YES;
				CLANG_ANALYZER_NUMBER_OBJECT_CONVERSION = YES_AGGRESSIVE;
				CLANG_CXX_LANGUAGE_STANDARD = "gnu++14";
				CLANG_CXX_LIBRARY = "libc++";
				CLANG_ENABLE_MODULES = YES;
				CLANG_ENABLE_OBJC_ARC = YES;
				CLANG_ENABLE_OBJC_WEAK = YES;
				CLANG_WARN_BLOCK_CAPTURE_AUTORELEASING = YES;
				CLANG_WARN_BOOL_CONVERSION = YES;
				CLANG_WARN_COMMA = YES;
				CLANG_WARN_CONSTANT_CONVERSION = YES;
				CLANG_WARN_DEPRECATED_OBJC_IMPLEMENTATIONS = YES;
				CLANG_WARN_DIRECT_OBJC_ISA_USAGE = YES_ERROR;
				CLANG_WARN_DOCUMENTATION_COMMENTS = YES;
				CLANG_WARN_EMPTY_BODY = YES;
				CLANG_WARN_ENUM_CONVERSION = YES;
				CLANG_WARN_INFINITE_RECURSION = YES;
				CLANG_WARN_INT_CONVERSION = YES;
				CLANG_WARN_NON_LITERAL_NULL_CONVERSION = YES;
				CLANG_WARN_OBJC_IMPLICIT_RETAIN_SELF = YES;
				CLANG_WARN_OBJC_LITERAL_CONVERSION = YES;
				CLANG_WARN_OBJC_ROOT_CLASS = YES_ERROR;
				CLANG_WARN_QUOTED_INCLUDE_IN_FRAMEWORK_HEADER = YES;
				CLANG_WARN_RANGE_LOOP_ANALYSIS = YES;
				CLANG_WARN_STRICT_PROTOTYPES = YES;
				CLANG_WARN_SUSPICIOUS_MOVE = YES;
				CLANG_WARN_UNGUARDED_AVAILABILITY = YES_AGGRESSIVE;
				CLANG_WARN_UNREACHABLE_CODE = YES;
				CLANG_WARN__DUPLICATE_METHOD_MATCH = YES;
				COPY_PHASE_STRIP = NO;
				DEBUG_INFORMATION_FORMAT = dwarf;
				ENABLE_STRICT_OBJC_MSGSEND = YES;
				ENABLE_TESTABILITY = YES;
				GCC_C_LANGUAGE_STANDARD = gnu11;
				GCC_DYNAMIC_NO_PIC = NO;
				GCC_NO_COMMON_BLOCKS = YES;
				GCC_OPTIMIZATION_LEVEL = 0;
				GCC_PREPROCESSOR_DEFINITIONS = (
					"$(inherited)",
					"DEBUG=1",
				);
				GCC_WARN_64_TO_32_BIT_CONVERSION = YES;
				GCC_WARN_ABOUT_RETURN_TYPE = YES_ERROR;
				GCC_WARN_UNDECLARED_SELECTOR = YES;
				GCC_WARN_UNINITIALIZED_AUTOS = YES_AGGRESSIVE;
				GCC_WARN_UNUSED_FUNCTION = YES;
				GCC_WARN_UNUSED_VARIABLE = YES;
				IPHONEOS_DEPLOYMENT_TARGET = 18.0;
				MTL_ENABLE_DEBUG_INFO = INCLUDE_SOURCE;
				MTL_FAST_MATH = YES;
				ONLY_ACTIVE_ARCH = YES;
				PRODUCT_NAME = "$(TARGET_NAME)";
				SDKROOT = iphoneos;
				SWIFT_ACTIVE_COMPILATION_CONDITIONS = DEBUG;
				SWIFT_OPTIMIZATION_LEVEL = "-Onone";
				SWIFT_STRICT_CONCURRENCY = complete;
				SWIFT_VERSION = 6.0;
			};
			name = Debug;
		};
		2E925B16D8AE796AC0FC6DEE /* Release */ = {
			isa = XCBuildConfiguration;
			buildSettings = {
				BUNDLE_LOADER = "$(TEST_HOST)";
				GENERATE_INFOPLIST_FILE = YES;
				LD_RUNPATH_SEARCH_PATHS = (
					"$(inherited)",
					"@executable_path/Frameworks",
					"@loader_path/Frameworks",
				);
				PRODUCT_BUNDLE_IDENTIFIER = "fish.nerdswhofish.coop.parent.ui-tests";
				SDKROOT = iphoneos;
				TARGETED_DEVICE_FAMILY = "1,2";
				TEST_TARGET_NAME = CooperTheCop;
			};
			name = Release;
		};
		46439E99614BDB8A67995879 /* Debug */ = {
			isa = XCBuildConfiguration;
			buildSettings = {
				BUNDLE_LOADER = "$(TEST_HOST)";
				GENERATE_INFOPLIST_FILE = YES;
				LD_RUNPATH_SEARCH_PATHS = (
					"$(inherited)",
					"@executable_path/Frameworks",
					"@loader_path/Frameworks",
				);
				PRODUCT_BUNDLE_IDENTIFIER = fish.nerdswhofish.coop.parent.tests;
				SDKROOT = iphoneos;
				TARGETED_DEVICE_FAMILY = "1,2";
				TEST_HOST = "$(BUILT_PRODUCTS_DIR)/CooperTheCop.app/CooperTheCop";
			};
			name = Debug;
		};
		9D1D2FFFE7B7EAD444E44FB0 /* Release */ = {
			isa = XCBuildConfiguration;
			buildSettings = {
				ALWAYS_SEARCH_USER_PATHS = NO;
				CLANG_ANALYZER_NONNULL = YES;
				CLANG_ANALYZER_NUMBER_OBJECT_CONVERSION = YES_AGGRESSIVE;
				CLANG_CXX_LANGUAGE_STANDARD = "gnu++14";
				CLANG_CXX_LIBRARY = "libc++";
				CLANG_ENABLE_MODULES = YES;
				CLANG_ENABLE_OBJC_ARC = YES;
				CLANG_ENABLE_OBJC_WEAK = YES;
				CLANG_WARN_BLOCK_CAPTURE_AUTORELEASING = YES;
				CLANG_WARN_BOOL_CONVERSION = YES;
				CLANG_WARN_COMMA = YES;
				CLANG_WARN_CONSTANT_CONVERSION = YES;
				CLANG_WARN_DEPRECATED_OBJC_IMPLEMENTATIONS = YES;
				CLANG_WARN_DIRECT_OBJC_ISA_USAGE = YES_ERROR;
				CLANG_WARN_DOCUMENTATION_COMMENTS = YES;
				CLANG_WARN_EMPTY_BODY = YES;
				CLANG_WARN_ENUM_CONVERSION = YES;
				CLANG_WARN_INFINITE_RECURSION = YES;
				CLANG_WARN_INT_CONVERSION = YES;
				CLANG_WARN_NON_LITERAL_NULL_CONVERSION = YES;
				CLANG_WARN_OBJC_IMPLICIT_RETAIN_SELF = YES;
				CLANG_WARN_OBJC_LITERAL_CONVERSION = YES;
				CLANG_WARN_OBJC_ROOT_CLASS = YES_ERROR;
				CLANG_WARN_QUOTED_INCLUDE_IN_FRAMEWORK_HEADER = YES;
				CLANG_WARN_RANGE_LOOP_ANALYSIS = YES;
				CLANG_WARN_STRICT_PROTOTYPES = YES;
				CLANG_WARN_SUSPICIOUS_MOVE = YES;
				CLANG_WARN_UNGUARDED_AVAILABILITY = YES_AGGRESSIVE;
				CLANG_WARN_UNREACHABLE_CODE = YES;
				CLANG_WARN__DUPLICATE_METHOD_MATCH = YES;
				COPY_PHASE_STRIP = NO;
				DEBUG_INFORMATION_FORMAT = "dwarf-with-dsym";
				ENABLE_NS_ASSERTIONS = NO;
				ENABLE_STRICT_OBJC_MSGSEND = YES;
				GCC_C_LANGUAGE_STANDARD = gnu11;
				GCC_NO_COMMON_BLOCKS = YES;
				GCC_WARN_64_TO_32_BIT_CONVERSION = YES;
				GCC_WARN_ABOUT_RETURN_TYPE = YES_ERROR;
				GCC_WARN_UNDECLARED_SELECTOR = YES;
				GCC_WARN_UNINITIALIZED_AUTOS = YES_AGGRESSIVE;
				GCC_WARN_UNUSED_FUNCTION = YES;
				GCC_WARN_UNUSED_VARIABLE = YES;
				IPHONEOS_DEPLOYMENT_TARGET = 18.0;
				MTL_ENABLE_DEBUG_INFO = NO;
				MTL_FAST_MATH = YES;
				PRODUCT_NAME = "$(TARGET_NAME)";
				SDKROOT = iphoneos;
				SWIFT_COMPILATION_MODE = wholemodule;
				SWIFT_OPTIMIZATION_LEVEL = "-O";
				SWIFT_STRICT_CONCURRENCY = complete;
				SWIFT_VERSION = 6.0;
			};
			name = Release;
		};
		9DB324E90F51A4BD8A883864 /* Debug */ = {
			isa = XCBuildConfiguration;
			buildSettings = {
				BUNDLE_LOADER = "$(TEST_HOST)";
				GENERATE_INFOPLIST_FILE = YES;
				LD_RUNPATH_SEARCH_PATHS = (
					"$(inherited)",
					"@executable_path/Frameworks",
					"@loader_path/Frameworks",
				);
				PRODUCT_BUNDLE_IDENTIFIER = "fish.nerdswhofish.coop.parent.ui-tests";
				SDKROOT = iphoneos;
				TARGETED_DEVICE_FAMILY = "1,2";
				TEST_TARGET_NAME = CooperTheCop;
			};
			name = Debug;
		};
		B6F71B63FE44C3C9FD3ED5FE /* Release */ = {
			isa = XCBuildConfiguration;
			buildSettings = {
				ASSETCATALOG_COMPILER_APPICON_NAME = AppIcon;
				CODE_SIGN_IDENTITY = "iPhone Developer";
				CURRENT_PROJECT_VERSION = 12;
				GENERATE_INFOPLIST_FILE = YES;
				INFOPLIST_KEY_CFBundleDisplayName = "Cooper The Cop";
				INFOPLIST_KEY_NSCameraUsageDescription = "Scan a Coop code to approve a child computer.";
				INFOPLIST_KEY_UIApplicationSupportsIndirectInputEvents = YES;
				INFOPLIST_KEY_UILaunchScreen_Generation = YES;
				LD_RUNPATH_SEARCH_PATHS = (
					"$(inherited)",
					"@executable_path/Frameworks",
				);
				MARKETING_VERSION = 0.1.0;
				PRODUCT_BUNDLE_IDENTIFIER = fish.nerdswhofish.coop.parent;
				PRODUCT_NAME = CooperTheCop;
				SDKROOT = iphoneos;
				TARGETED_DEVICE_FAMILY = "1,2";
			};
			name = Release;
		};
		F2BEB5B603E1C1A196985F72 /* Debug */ = {
			isa = XCBuildConfiguration;
			buildSettings = {
				ASSETCATALOG_COMPILER_APPICON_NAME = AppIcon;
				CODE_SIGN_IDENTITY = "iPhone Developer";
				CURRENT_PROJECT_VERSION = 12;
				GENERATE_INFOPLIST_FILE = YES;
				INFOPLIST_KEY_CFBundleDisplayName = "Cooper The Cop";
				INFOPLIST_KEY_NSCameraUsageDescription = "Scan a Coop code to approve a child computer.";
				INFOPLIST_KEY_UIApplicationSupportsIndirectInputEvents = YES;
				INFOPLIST_KEY_UILaunchScreen_Generation = YES;
				LD_RUNPATH_SEARCH_PATHS = (
					"$(inherited)",
					"@executable_path/Frameworks",
				);
				MARKETING_VERSION = 0.1.0;
				PRODUCT_BUNDLE_IDENTIFIER = fish.nerdswhofish.coop.parent;
				PRODUCT_NAME = CooperTheCop;
				SDKROOT = iphoneos;
				TARGETED_DEVICE_FAMILY = "1,2";
			};
			name = Debug;
		};
		F3D4E371F94E11DCA35114D7 /* Release */ = {
			isa = XCBuildConfiguration;
			buildSettings = {
				BUNDLE_LOADER = "$(TEST_HOST)";
				GENERATE_INFOPLIST_FILE = YES;
				LD_RUNPATH_SEARCH_PATHS = (
					"$(inherited)",
					"@executable_path/Frameworks",
					"@loader_path/Frameworks",
				);
				PRODUCT_BUNDLE_IDENTIFIER = fish.nerdswhofish.coop.parent.tests;
				SDKROOT = iphoneos;
				TARGETED_DEVICE_FAMILY = "1,2";
				TEST_HOST = "$(BUILT_PRODUCTS_DIR)/CooperTheCop.app/CooperTheCop";
			};
			name = Release;
		};
/* End XCBuildConfiguration section */

/* Begin XCConfigurationList section */
		190322A993EEB829FA20FE2A /* Build configuration list for PBXProject "CooperTheCop" */ = {
			isa = XCConfigurationList;
			buildConfigurations = (
				0E3187EFCD5D332B31FC8CE4 /* Debug */,
				9D1D2FFFE7B7EAD444E44FB0 /* Release */,
			);
			defaultConfigurationIsVisible = 0;
			defaultConfigurationName = Debug;
		};
		4248E827E337214F6C41EE2A /* Build configuration list for PBXNativeTarget "CooperTheCop" */ = {
			isa = XCConfigurationList;
			buildConfigurations = (
				F2BEB5B603E1C1A196985F72 /* Debug */,
				B6F71B63FE44C3C9FD3ED5FE /* Release */,
			);
			defaultConfigurationIsVisible = 0;
			defaultConfigurationName = Debug;
		};
		7AB94F984884CA1829B42D22 /* Build configuration list for PBXNativeTarget "CooperTheCopUITests" */ = {
			isa = XCConfigurationList;
			buildConfigurations = (
				9DB324E90F51A4BD8A883864 /* Debug */,
				2E925B16D8AE796AC0FC6DEE /* Release */,
			);
			defaultConfigurationIsVisible = 0;
			defaultConfigurationName = Debug;
		};
		EA43076E7AFCA0FBE3F9BDDA /* Build configuration list for PBXNativeTarget "CooperTheCopTests" */ = {
			isa = XCConfigurationList;
			buildConfigurations = (
				46439E99614BDB8A67995879 /* Debug */,
				F3D4E371F94E11DCA35114D7 /* Release */,
			);
			defaultConfigurationIsVisible = 0;
			defaultConfigurationName = Debug;
		};
/* End XCConfigurationList section */

/* Begin XCLocalSwiftPackageReference section */
		B5CE025C481B6747953B1FCD /* XCLocalSwiftPackageReference "../CoopKit" */ = {
			isa = XCLocalSwiftPackageReference;
			relativePath = ../CoopKit;
		};
/* End XCLocalSwiftPackageReference section */

/* Begin XCSwiftPackageProductDependency section */
		95F7E2D164CF9D386EB89BA0 /* CoopKit */ = {
			isa = XCSwiftPackageProductDependency;
			productName = CoopKit;
		};
/* End XCSwiftPackageProductDependency section */
	};
	rootObject = 5957514AD2C042325CF66864 /* Project object */;
}
